{
  "version": 4,
  "terraform_version": "1.8.4",
  "serial": 8,
  "lineage": "789ccb23-3b1f-054e-03e8-a3f883180da1",
  "outputs": {
    "from_list": {
      "value": "Hi i am from list at index no.0",
      "type": "string"
    },
    "from_map": {
      "value": "This content is from variable a in map",
      "type": "string"
    },
    "instances": {
      "value": {
        "ami": "ami9874563123",
        "instances": 5,
        "keys": [
          "key1.pem",
          "key2.pem"
        ],
        "name": "aws"
      },
      "type": [
        "object",
        {
          "ami": "string",
          "instances": "number",
          "keys": [
            "list",
            "string"
          ],
          "name": "string"
        }
      ]
    },
    "list": {
      "value": "Hello i am also from list at index no.1",
      "type": "string"
    },
    "var": {
      "value": "LEARNING TERRAFOM FOR DEVOPS",
      "type": "string"
    }
  },
  "resources": [
    {
      "mode": "managed",
      "type": "local_file",
      "name": "file",
      "provider": "provider[\"registry.terraform.io/hashicorp/local\"]",
      "instances": [
        {
          "schema_version": 0,
          "attributes": {
            "content": "The content of this file is comming from variable",
            "content_base64": null,
            "content_base64sha256": "2+kQnyEU5k4yyTD0cZAMlTVxowBWwSpVJEdQqfsqTSE=",
            "content_base64sha512": "8S0fAQSVKzwZLKWUgxMGtoX+KfAFOw0rThXQNmUA2eKyTTIMWIdvi3BklLHoda+QfcBIlkUrbMyq0AoKeqHK2w==",
            "content_md5": "56d159e080db40bb181c9ea9afff8914",
            "content_sha1": "80655d051db4b6ad94fffab2c2058513b426d9c5",
            "content_sha256": "dbe9109f2114e64e32c930f471900c953571a30056c12a55244750a9fb2a4d21",
            "content_sha512": "f12d1f0104952b3c192ca594831306b685fe29f0053b0d2b4e15d0366500d9e2b24d320c58876f8b706494b1e875af907dc04896452b6cccaad00a0a7aa1cadb",
            "directory_permission": "0777",
            "file_permission": "0777",
            "filename": "/home/pro-ubuntu/Terraform-lab/2-terraform/demo.txt",
            "id": "80655d051db4b6ad94fffab2c2058513b426d9c5",
            "sensitive_content": null,
            "source": null
          },
          "sensitive_attributes": [
            [
              {
                "type": "get_attr",
                "value": "sensitive_content"
              }
            ]
          ]
        }
      ]
    }
  ],
  "check_results": null
}
