{
  "version": 4,
  "terraform_version": "1.8.4",
  "serial": 17,
  "lineage": "fc76ff44-332b-a4e0-fc27-a7490c11d8c3",
  "outputs": {},
  "resources": [
    {
      "mode": "managed",
      "type": "aws_default_vpc",
      "name": "vpc",
      "provider": "provider[\"registry.terraform.io/hashicorp/aws\"]",
      "instances": [
        {
          "schema_version": 1,
          "attributes": {
            "arn": "arn:aws:ec2:us-east-1:533267084326:vpc/vpc-09eb9a91b8ded74cb",
            "assign_generated_ipv6_cidr_block": false,
            "cidr_block": "172.31.0.0/16",
            "default_network_acl_id": "acl-03ceae934c99f573a",
            "default_route_table_id": "rtb-011a2215037387d6a",
            "default_security_group_id": "sg-0e583ab1b3bb8a798",
            "dhcp_options_id": "dopt-099edcd9133a2c215",
            "enable_dns_hostnames": true,
            "enable_dns_support": true,
            "enable_network_address_usage_metrics": false,
            "existing_default_vpc": true,
            "force_destroy": false,
            "id": "vpc-09eb9a91b8ded74cb",
            "instance_tenancy": "default",
            "ipv6_association_id": "",
            "ipv6_cidr_block": "",
            "ipv6_cidr_block_network_border_group": "",
            "ipv6_ipam_pool_id": "",
            "ipv6_netmask_length": 0,
            "main_route_table_id": "rtb-011a2215037387d6a",
            "owner_id": "533267084326",
            "tags": null,
            "tags_all": {}
          },
          "sensitive_attributes": [],
          "private": "eyJzY2hlbWFfdmVyc2lvbiI6IjEifQ=="
        }
      ]
    },
    {
      "mode": "managed",
      "type": "aws_instance",
      "name": "ec2",
      "provider": "provider[\"registry.terraform.io/hashicorp/aws\"]",
      "instances": [
        {
          "schema_version": 1,
          "attributes": {
            "ami": "ami-04b70fa74e45c3917",
            "arn": "arn:aws:ec2:us-east-1:533267084326:instance/i-051d7b7896bae7254",
            "associate_public_ip_address": true,
            "availability_zone": "us-east-1c",
            "capacity_reservation_specification": [
              {
                "capacity_reservation_preference": "open",
                "capacity_reservation_target": []
              }
            ],
            "cpu_core_count": 1,
            "cpu_options": [
              {
                "amd_sev_snp": "",
                "core_count": 1,
                "threads_per_core": 1
              }
            ],
            "cpu_threads_per_core": 1,
            "credit_specification": [
              {
                "cpu_credits": "standard"
              }
            ],
            "disable_api_stop": false,
            "disable_api_termination": false,
            "ebs_block_device": [],
            "ebs_optimized": false,
            "enclave_options": [
              {
                "enabled": false
              }
            ],
            "ephemeral_block_device": [],
            "get_password_data": false,
            "hibernation": false,
            "host_id": "",
            "host_resource_group_arn": null,
            "iam_instance_profile": "",
            "id": "i-051d7b7896bae7254",
            "instance_initiated_shutdown_behavior": "stop",
            "instance_lifecycle": "",
            "instance_market_options": [],
            "instance_state": "running",
            "instance_type": "t2.micro",
            "ipv6_address_count": 0,
            "ipv6_addresses": [],
            "key_name": "terra-key",
            "launch_template": [],
            "maintenance_options": [
              {
                "auto_recovery": "default"
              }
            ],
            "metadata_options": [
              {
                "http_endpoint": "enabled",
                "http_protocol_ipv6": "disabled",
                "http_put_response_hop_limit": 2,
                "http_tokens": "required",
                "instance_metadata_tags": "disabled"
              }
            ],
            "monitoring": false,
            "network_interface": [],
            "outpost_arn": "",
            "password_data": "",
            "placement_group": "",
            "placement_partition_number": 0,
            "primary_network_interface_id": "eni-09107e62dce00fadc",
            "private_dns": "ip-172-31-22-128.ec2.internal",
            "private_dns_name_options": [
              {
                "enable_resource_name_dns_a_record": false,
                "enable_resource_name_dns_aaaa_record": false,
                "hostname_type": "ip-name"
              }
            ],
            "private_ip": "172.31.22.128",
            "public_dns": "ec2-54-87-174-239.compute-1.amazonaws.com",
            "public_ip": "54.87.174.239",
            "root_block_device": [
              {
                "delete_on_termination": true,
                "device_name": "/dev/sda1",
                "encrypted": false,
                "iops": 3000,
                "kms_key_id": "",
                "tags": {},
                "throughput": 125,
                "volume_id": "vol-0af85cbd01fab5c04",
                "volume_size": 8,
                "volume_type": "gp3"
              }
            ],
            "secondary_private_ips": [],
            "security_groups": [
              "Auto"
            ],
            "source_dest_check": true,
            "spot_instance_request_id": "",
            "subnet_id": "subnet-0735a8982c6669dd3",
            "tags": {
              "Name": "Automation",
              "volumes": "Automation"
            },
            "tags_all": {
              "Name": "Automation",
              "volumes": "Automation"
            },
            "tenancy": "default",
            "timeouts": null,
            "user_data": null,
            "user_data_base64": null,
            "user_data_replace_on_change": false,
            "volume_tags": null,
            "vpc_security_group_ids": [
              "sg-0fa026db6b3d40f49"
            ]
          },
          "sensitive_attributes": [],
          "private": "eyJlMmJmYjczMC1lY2FhLTExZTYtOGY4OC0zNDM2M2JjN2M0YzAiOnsiY3JlYXRlIjo2MDAwMDAwMDAwMDAsImRlbGV0ZSI6MTIwMDAwMDAwMDAwMCwidXBkYXRlIjo2MDAwMDAwMDAwMDB9LCJzY2hlbWFfdmVyc2lvbiI6IjEifQ==",
          "dependencies": [
            "aws_default_vpc.vpc",
            "aws_key_pair.key",
            "aws_security_group.sg"
          ]
        }
      ]
    },
    {
      "mode": "managed",
      "type": "aws_key_pair",
      "name": "key",
      "provider": "provider[\"registry.terraform.io/hashicorp/aws\"]",
      "instances": [
        {
          "schema_version": 1,
          "attributes": {
            "arn": "arn:aws:ec2:us-east-1:533267084326:key-pair/terra-key",
            "fingerprint": "a8:3f:cf:a5:7e:bb:42:66:cc:f4:df:8f:21:ca:b8:be",
            "id": "terra-key",
            "key_name": "terra-key",
            "key_name_prefix": "",
            "key_pair_id": "key-0b5760eed75ac246d",
            "key_type": "rsa",
            "public_key": "ssh-rsa AAAAB3NzaC1yc2EAAAADAQABAAABgQCZUaE8UsdGV76atnhRPz5JobTgqPnANOmu4ubST9TcuntSpbuqTBi9h/HB4oZaSuz99D8vN0GcHuUBiQ7Pk/jYuYesylmp57Ggkw+t/Kp/iw8hibGdcnRWYpCVBYfh+01UbMbzGiOI2Aa6FNPw69IaD02C0VMQpJFAtyUbLw5Ubs6oZTou0AOabq25F88PUe0J2vG9z6k6uD43InH/3dZ9i+jzmUmeGISSj1jop3VfYOkaxwBR49InkC7b/762qoylpyl14kiEeqsj9NJTbEeYFmMYMFv6QF3PzKSNW2MArmr8PHVK6nXMDxTwj7Z5JK2R4KV0GulUhmtV6sZmxojRvyi43pj10N/9JFfrOqq2mJYw+N94nhIS17EjBMrD2SRYgJQAEMGbOlCGB/rVt2VLl6X0sulQdO5/AG575hJ6+PAdejwPZ3Zn4AjTlzcXqdkFX/5npFmmiFxWy9q4I4tausy2Tq1lFV2ixXEimXrfa8FvMr0hOlVZv5lBXlZ0WdE= pro-ubuntu@DELL",
            "tags": null,
            "tags_all": {}
          },
          "sensitive_attributes": [],
          "private": "eyJzY2hlbWFfdmVyc2lvbiI6IjEifQ=="
        }
      ]
    },
    {
      "mode": "managed",
      "type": "aws_security_group",
      "name": "sg",
      "provider": "provider[\"registry.terraform.io/hashicorp/aws\"]",
      "instances": [
        {
          "schema_version": 1,
          "attributes": {
            "arn": "arn:aws:ec2:us-east-1:533267084326:security-group/sg-0fa026db6b3d40f49",
            "description": "Allow ssh inbound traffic",
            "egress": [],
            "id": "sg-0fa026db6b3d40f49",
            "ingress": [
              {
                "cidr_blocks": [
                  "0.0.0.0/0"
                ],
                "description": "Allowing SSH from terraform",
                "from_port": 22,
                "ipv6_cidr_blocks": [],
                "prefix_list_ids": [],
                "protocol": "tcp",
                "security_groups": [],
                "self": false,
                "to_port": 22
              }
            ],
            "name": "Auto",
            "name_prefix": "",
            "owner_id": "533267084326",
            "revoke_rules_on_delete": false,
            "tags": {
              "Name": "AUTOMATION"
            },
            "tags_all": {
              "Name": "AUTOMATION"
            },
            "timeouts": null,
            "vpc_id": "vpc-09eb9a91b8ded74cb"
          },
          "sensitive_attributes": [],
          "private": "eyJlMmJmYjczMC1lY2FhLTExZTYtOGY4OC0zNDM2M2JjN2M0YzAiOnsiY3JlYXRlIjo2MDAwMDAwMDAwMDAsImRlbGV0ZSI6OTAwMDAwMDAwMDAwfSwic2NoZW1hX3ZlcnNpb24iOiIxIn0=",
          "dependencies": [
            "aws_default_vpc.vpc"
          ]
        }
      ]
    }
  ],
  "check_results": null
}
