{
  "version": 4,
  "terraform_version": "1.8.4",
  "serial": 1,
  "lineage": "00577cce-5966-acca-a7a3-7afdd15c88f9",
  "outputs": {},
  "resources": [
    {
      "mode": "managed",
      "type": "local_file",
      "name": "file",
      "provider": "provider[\"registry.terraform.io/hashicorp/local\"]",
      "instances": [
        {
          "schema_version": 0,
          "attributes": {
            "content": "This file is creted by terraform",
            "content_base64": null,
            "content_base64sha256": "iIIRXXs/vKM2GAMbNZbAfC9UY1rNkUp+Tw4/RbQ+dTk=",
            "content_base64sha512": "XmXHhcVhbmnqvwuVc1sKit/rXi1yeI3BWgxgesFZYADoF2yqLjru8rA8l6n87TVqnEUjYPGpUD3Csgs7vBwIJw==",
            "content_md5": "4c0de247782f12746af299735dc35191",
            "content_sha1": "08f3379ec39db9fa8c3eb9b038c38410514db43b",
            "content_sha256": "8882115d7b3fbca33618031b3596c07c2f54635acd914a7e4f0e3f45b43e7539",
            "content_sha512": "5e65c785c5616e69eabf0b95735b0a8adfeb5e2d72788dc15a0c607ac1596000e8176caa2e3aeef2b03c97a9fced356a9c452360f1a9503dc2b20b3bbc1c0827",
            "directory_permission": "0777",
            "file_permission": "0777",
            "filename": "/home/pro-ubuntu/Terraform-lab/1-terraform/demo.txt",
            "id": "08f3379ec39db9fa8c3eb9b038c38410514db43b",
            "sensitive_content": null,
            "source": null
          },
          "sensitive_attributes": [
            [
              {
                "type": "get_attr",
                "value": "sensitive_content"
              }
            ]
          ]
        }
      ]
    }
  ],
  "check_results": null
}
